{
  "name": "@raychee/catalyst-plugin-mongodb",
  "version": "0.0.11",
  "lockfileVersion": 1,
  "requires": true,
  "dependencies": {
    "@raychee/utils": {
      "version": "0.2.3",
      "resolved": "https://registry.npm.taobao.org/@raychee/utils/download/@raychee/utils-0.2.3.tgz?cache=0&sync_timestamp=1589030151537&other_urls=https%3A%2F%2Fregistry.npm.taobao.org%2F%40raychee%2Futils%2Fdownload%2F%40raychee%2Futils-0.2.3.tgz",
      "integrity": "sha1-duhcRJEtR9pdGH3sYR73HS2T3lQ=",
      "requires": {
        "fast-json-stable-stringify": "^2.1.0",
        "lodash": "^4.17.15"
      }
    },
    "fast-json-stable-stringify": {
      "version": "2.1.0",
      "resolved": "https://registry.npm.taobao.org/fast-json-stable-stringify/download/fast-json-stable-stringify-2.1.0.tgz?cache=0&sync_timestamp=1576340291001&other_urls=https%3A%2F%2Fregistry.npm.taobao.org%2Ffast-json-stable-stringify%2Fdownload%2Ffast-json-stable-stringify-2.1.0.tgz",
      "integrity": "sha1-h0v2nG9ATCtdmcSBNBOZ/VWJJjM="
    },
    "lodash": {
      "version": "4.17.15",
      "resolved": "https://registry.npm.taobao.org/lodash/download/lodash-4.17.15.tgz?cache=0&other_urls=https%3A%2F%2Fregistry.npm.taobao.org%2Flodash%2Fdownload%2Flodash-4.17.15.tgz",
      "integrity": "sha1-tEf2ZwoEVbv+7dETku/zMOoJdUg="
    },
    "uuid": {
      "version": "8.2.0",
      "resolved": "https://registry.npm.taobao.org/uuid/download/uuid-8.2.0.tgz?cache=0&sync_timestamp=1592944143460&other_urls=https%3A%2F%2Fregistry.npm.taobao.org%2Fuuid%2Fdownload%2Fuuid-8.2.0.tgz",
      "integrity": "sha1-yxDdaxGOLa2n0M2XMLp0F8k9kg4="
    }
  }
}
